version = 1
revision = 3
requires-python = ">=3.10, <4.0"

[[package]]
name = "appnope"
version = "0.1.4"
source = { registry = "https://pypi.org/simple" }
sdist = { url = "https://files.pythonhosted.org/packages/35/5d/752690df9ef5b76e169e68d6a129fa6d08a7100ca7f754c89495db3c6019/appnope-0.1.4.tar.gz", hash = "sha256:1de3860566df9caf38f01f86f65e0e13e379af54f9e4bee1e66b48f2efffd1ee", size = 4170, upload-time = "2024-02-06T09:43:11.258Z" }
wheels = [
    { url = "https://files.pythonhosted.org/packages/81/29/5ecc3a15d5a33e31b26c11426c45c501e439cb865d0bff96315d86443b78/appnope-0.1.4-py2.py3-none-any.whl", hash = "sha256:502575ee11cd7a28c0205f379b525beefebab9d161b7c964670864014ed7213c", size = 4321, upload-time = "2024-02-06T09:43:09.663Z" },
]

[[package]]
name = "asgiref"
version = "3.10.0"
source = { registry = "https://pypi.org/simple" }
dependencies = [
    { name = "typing-extensions", marker = "python_full_version < '3.11'" },
]
sdist = { url = "https://files.pythonhosted.org/packages/46/08/4dfec9b90758a59acc6be32ac82e98d1fbfc321cb5cfa410436dbacf821c/asgiref-3.10.0.tar.gz", hash = "sha256:d89f2d8cd8b56dada7d52fa7dc8075baa08fb836560710d38c292a7a3f78c04e", size = 37483, upload-time = "2025-10-05T09:15:06.557Z" }
wheels = [
    { url = "https://files.pythonhosted.org/packages/17/9c/fc2331f538fbf7eedba64b2052e99ccf9ba9d6888e2f41441ee28847004b/asgiref-3.10.0-py3-none-any.whl", hash = "sha256:aef8a81283a34d0ab31630c9b7dfe70c812c95eba78171367ca8745e88124734", size = 24050, upload-time = "2025-10-05T09:15:05.11Z" },
]

[[package]]
name = "backcall"
version = "0.2.0"
source = { registry = "https://pypi.org/simple" }
sdist = { url = "https://files.pythonhosted.org/packages/a2/40/764a663805d84deee23043e1426a9175567db89c8b3287b5c2ad9f71aa93/backcall-0.2.0.tar.gz", hash = "sha256:5cbdbf27be5e7cfadb448baf0aa95508f91f2bbc6c6437cd9cd06e2a4c215e1e", size = 18041, upload-time = "2020-06-09T15:11:32.931Z" }
wheels = [
    { url = "https://files.pythonhosted.org/packages/4c/1c/ff6546b6c12603d8dd1070aa3c3d273ad4c07f5771689a7b69a550e8c951/backcall-0.2.0-py2.py3-none-any.whl", hash = "sha256:fbbce6a29f263178a1f7915c1940bde0ec2b2a967566fe1c65c1dfb7422bd255", size = 11157, upload-time = "2020-06-09T15:11:30.87Z" },
]

[[package]]
name = "colorama"
version = "0.4.6"
source = { registry = "https://pypi.org/simple" }
sdist = { url = "https://files.pythonhosted.org/packages/d8/53/6f443c9a4a8358a93a6792e2acffb9d9d5cb0a5cfd8802644b7b1c9a02e4/colorama-0.4.6.tar.gz", hash = "sha256:08695f5cb7ed6e0531a20572697297273c47b8cae5a63ffc6d6ed5c201be6e44", size = 27697, upload-time = "2022-10-25T02:36:22.414Z" }
wheels = [
    { url = "https://files.pythonhosted.org/packages/d1/d6/3965ed04c63042e047cb6a3e6ed1a63a35087b6a609aa3a15ed8ac56c221/colorama-0.4.6-py2.py3-none-any.whl", hash = "sha256:4f1d9991f5acc0ca119f9d443620b77f9d6b33703e51011c16baf57afb285fc6", size = 25335, upload-time = "2022-10-25T02:36:20.889Z" },
]

[[package]]
name = "decorator"
version = "5.2.1"
source = { registry = "https://pypi.org/simple" }
sdist = { url = "https://files.pythonhosted.org/packages/43/fa/6d96a0978d19e17b68d634497769987b16c8f4cd0a7a05048bec693caa6b/decorator-5.2.1.tar.gz", hash = "sha256:65f266143752f734b0a7cc83c46f4618af75b8c5911b00ccb61d0ac9b6da0360", size = 56711, upload-time = "2025-02-24T04:41:34.073Z" }
wheels = [
    { url = "https://files.pythonhosted.org/packages/4e/8c/f3147f5c4b73e7550fe5f9352eaa956ae838d5c51eb58e7a25b9f3e2643b/decorator-5.2.1-py3-none-any.whl", hash = "sha256:d316bb415a2d9e2d2b3abcc4084c6502fc09240e292cd76a76afc106a1c8e04a", size = 9190, upload-time = "2025-02-24T04:41:32.565Z" },
]

[[package]]
name = "dizimo"
version = "0.1.0"
source = { editable = "." }
dependencies = [
    { name = "django" },
    { name = "django-environ" },
    { name = "django-jazzmin" },
    { name = "gunicorn" },
    { name = "pdfkit" },
    { name = "psycopg", extra = ["binary"] },
    { name = "whitenoise" },
]

[package.dev-dependencies]
dev = [
    { name = "faker" },
    { name = "ipython" },
]
typing = [
    { name = "django-types" },
]

[package.metadata]
requires-dist = [
    { name = "django", specifier = ">=5.2.7" },
    { name = "django-environ", specifier = ">=0.12.0" },
    { name = "django-jazzmin", specifier = ">=3.0.1" },
    { name = "gunicorn", specifier = ">=23.0.0" },
    { name = "pdfkit", specifier = ">=1.0.0" },
    { name = "psycopg", extras = ["binary"], specifier = ">=3.2.10" },
    { name = "whitenoise", specifier = ">=6.11.0" },
]

[package.metadata.requires-dev]
dev = [
    { name = "faker", specifier = ">=4.1.2,<5.0.0" },
    { name = "ipython", specifier = ">=7.18.1,<8.0.0" },
]
typing = [{ name = "django-types", specifier = ">=0.20.0" }]

[[package]]
name = "django"
version = "5.2.7"
source = { registry = "https://pypi.org/simple" }
dependencies = [
    { name = "asgiref" },
    { name = "sqlparse" },
    { name = "tzdata", marker = "sys_platform == 'win32'" },
]
sdist = { url = "https://files.pythonhosted.org/packages/b1/96/bd84e2bb997994de8bcda47ae4560991084e86536541d7214393880f01a8/django-5.2.7.tar.gz", hash = "sha256:e0f6f12e2551b1716a95a63a1366ca91bbcd7be059862c1b18f989b1da356cdd", size = 10865812, upload-time = "2025-10-01T14:22:12.081Z" }
wheels = [
    { url = "https://files.pythonhosted.org/packages/8f/ef/81f3372b5dd35d8d354321155d1a38894b2b766f576d0abffac4d8ae78d9/django-5.2.7-py3-none-any.whl", hash = "sha256:59a13a6515f787dec9d97a0438cd2efac78c8aca1c80025244b0fe507fe0754b", size = 8307145, upload-time = "2025-10-01T14:22:49.476Z" },
]

[[package]]
name = "django-environ"
version = "0.12.0"
source = { registry = "https://pypi.org/simple" }
sdist = { url = "https://files.pythonhosted.org/packages/d6/04/65d2521842c42f4716225f20d8443a50804920606aec018188bbee30a6b0/django_environ-0.12.0.tar.gz", hash = "sha256:227dc891453dd5bde769c3449cf4a74b6f2ee8f7ab2361c93a07068f4179041a", size = 56804, upload-time = "2025-01-13T17:03:37.74Z" }
wheels = [
    { url = "https://files.pythonhosted.org/packages/83/b3/0a3bec4ecbfee960f39b1842c2f91e4754251e0a6ed443db9fe3f666ba8f/django_environ-0.12.0-py2.py3-none-any.whl", hash = "sha256:92fb346a158abda07ffe6eb23135ce92843af06ecf8753f43adf9d2366dcc0ca", size = 19957, upload-time = "2025-01-13T17:03:32.918Z" },
]

[[package]]
name = "django-jazzmin"
version = "3.0.1"
source = { registry = "https://pypi.org/simple" }
dependencies = [
    { name = "django" },
]
sdist = { url = "https://files.pythonhosted.org/packages/84/96/21b6255e90d92a3eb4e93bea9376635d54258e0353ebb913a55e40ae9254/django_jazzmin-3.0.1.tar.gz", hash = "sha256:67ae148bade41267a09ca8e4352ddefa6121795ebbac238bb9a6564ff841eb1b", size = 2053550, upload-time = "2024-10-08T17:40:59.771Z" }
wheels = [
    { url = "https://files.pythonhosted.org/packages/ad/5b/2f8c4b168e6c41bf1e4b14d787deb23d80f618f0693db913bbe208a4a907/django_jazzmin-3.0.1-py3-none-any.whl", hash = "sha256:12a0a4c1d4fd09c2eef22acf6a1f03112b515ba695c59faa8ea80efc81c1f21b", size = 2125957, upload-time = "2024-10-08T17:40:57.359Z" },
]

[[package]]
name = "django-types"
version = "0.22.0"
source = { registry = "https://pypi.org/simple" }
dependencies = [
    { name = "types-psycopg2" },
]
sdist = { url = "https://files.pythonhosted.org/packages/3d/26/5f2873f7208dee0791710fda494a8d3ef7fb1d34785069b55168a23e2ac2/django_types-0.22.0.tar.gz", hash = "sha256:4cecc9eee846e7ff2a398bec9dfe6543e76efb922a7a58c5d6064bcb0e6a3dc5", size = 187214, upload-time = "2025-07-15T01:05:48.039Z" }
wheels = [
    { url = "https://files.pythonhosted.org/packages/82/3a/0ecbaab07cfe7b0a4fd72dfde4be8e7c11aad2b88c816cfcbb800c14cbda/django_types-0.22.0-py3-none-any.whl", hash = "sha256:ba15c756c7a732e58afd0737e54489f1c5e6f1bd24132e9199c637b1f88b057c", size = 376869, upload-time = "2025-07-15T01:05:46.621Z" },
]

[[package]]
name = "faker"
version = "4.18.0"
source = { registry = "https://pypi.org/simple" }
dependencies = [
    { name = "python-dateutil" },
    { name = "text-unidecode" },
]
sdist = { url = "https://files.pythonhosted.org/packages/cb/c2/3109f214108c59e8e247d9e6098f9155f888604b6136c464d35e26dbbd9c/Faker-4.18.0.tar.gz", hash = "sha256:6279746aed175a693108238e6d1ab8d7e26d0ec7ff8474f61025b9fdaae15d65", size = 1035436, upload-time = "2020-11-30T15:38:47.153Z" }
wheels = [
    { url = "https://files.pythonhosted.org/packages/2c/f6/41260bf1ce823fac4d446058a647f6b2edf1d3f4668d06c0ea040af73ed2/Faker-4.18.0-py3-none-any.whl", hash = "sha256:2ba20a4438429cb08d729175d7bb0435ef3c2c4cedc7b1ceb703ee6da8dad906", size = 1079637, upload-time = "2020-11-30T15:38:44.275Z" },
]

[[package]]
name = "gunicorn"
version = "23.0.0"
source = { registry = "https://pypi.org/simple" }
dependencies = [
    { name = "packaging" },
]
sdist = { url = "https://files.pythonhosted.org/packages/34/72/9614c465dc206155d93eff0ca20d42e1e35afc533971379482de953521a4/gunicorn-23.0.0.tar.gz", hash = "sha256:f014447a0101dc57e294f6c18ca6b40227a4c90e9bdb586042628030cba004ec", size = 375031, upload-time = "2024-08-10T20:25:27.378Z" }
wheels = [
    { url = "https://files.pythonhosted.org/packages/cb/7d/6dac2a6e1eba33ee43f318edbed4ff29151a49b5d37f080aad1e6469bca4/gunicorn-23.0.0-py3-none-any.whl", hash = "sha256:ec400d38950de4dfd418cff8328b2c8faed0edb0d517d3394e457c317908ca4d", size = 85029, upload-time = "2024-08-10T20:25:24.996Z" },
]

[[package]]
name = "ipython"
version = "7.34.0"
source = { registry = "https://pypi.org/simple" }
dependencies = [
    { name = "appnope", marker = "sys_platform == 'darwin'" },
    { name = "backcall" },
    { name = "colorama", marker = "sys_platform == 'win32'" },
    { name = "decorator" },
    { name = "jedi" },
    { name = "matplotlib-inline" },
    { name = "pexpect", marker = "sys_platform != 'win32'" },
    { name = "pickleshare" },
    { name = "prompt-toolkit" },
    { name = "pygments" },
    { name = "setuptools" },
    { name = "traitlets" },
]
sdist = { url = "https://files.pythonhosted.org/packages/db/6c/3fcf0b8ee46656796099ac4b7b72497af5f090da3e43fd305f2a24c73915/ipython-7.34.0.tar.gz", hash = "sha256:af3bdb46aa292bce5615b1b2ebc76c2080c5f77f54bda2ec72461317273e7cd6", size = 5158632, upload-time = "2022-05-28T12:30:11.258Z" }
wheels = [
    { url = "https://files.pythonhosted.org/packages/7c/6a/1f1365f4bf9fcb349fcaa5b61edfcefa721aa13ff37c5631296b12fab8e5/ipython-7.34.0-py3-none-any.whl", hash = "sha256:c175d2440a1caff76116eb719d40538fbb316e214eda85c5515c303aacbfb23e", size = 793790, upload-time = "2022-05-28T12:30:07.694Z" },
]

[[package]]
name = "jedi"
version = "0.19.2"
source = { registry = "https://pypi.org/simple" }
dependencies = [
    { name = "parso" },
]
sdist = { url = "https://files.pythonhosted.org/packages/72/3a/79a912fbd4d8dd6fbb02bf69afd3bb72cf0c729bb3063c6f4498603db17a/jedi-0.19.2.tar.gz", hash = "sha256:4770dc3de41bde3966b02eb84fbcf557fb33cce26ad23da12c742fb50ecb11f0", size = 1231287, upload-time = "2024-11-11T01:41:42.873Z" }
wheels = [
    { url = "https://files.pythonhosted.org/packages/c0/5a/9cac0c82afec3d09ccd97c8b6502d48f165f9124db81b4bcb90b4af974ee/jedi-0.19.2-py2.py3-none-any.whl", hash = "sha256:a8ef22bde8490f57fe5c7681a3c83cb58874daf72b4784de3cce5b6ef6edb5b9", size = 1572278, upload-time = "2024-11-11T01:41:40.175Z" },
]

[[package]]
name = "matplotlib-inline"
version = "0.1.7"
source = { registry = "https://pypi.org/simple" }
dependencies = [
    { name = "traitlets" },
]
sdist = { url = "https://files.pythonhosted.org/packages/99/5b/a36a337438a14116b16480db471ad061c36c3694df7c2084a0da7ba538b7/matplotlib_inline-0.1.7.tar.gz", hash = "sha256:8423b23ec666be3d16e16b60bdd8ac4e86e840ebd1dd11a30b9f117f2fa0ab90", size = 8159, upload-time = "2024-04-15T13:44:44.803Z" }
wheels = [
    { url = "https://files.pythonhosted.org/packages/8f/8e/9ad090d3553c280a8060fbf6e24dc1c0c29704ee7d1c372f0c174aa59285/matplotlib_inline-0.1.7-py3-none-any.whl", hash = "sha256:df192d39a4ff8f21b1895d72e6a13f5fcc5099f00fa84384e0ea28c2cc0653ca", size = 9899, upload-time = "2024-04-15T13:44:43.265Z" },
]

[[package]]
name = "packaging"
version = "25.0"
source = { registry = "https://pypi.org/simple" }
sdist = { url = "https://files.pythonhosted.org/packages/a1/d4/1fc4078c65507b51b96ca8f8c3ba19e6a61c8253c72794544580a7b6c24d/packaging-25.0.tar.gz", hash = "sha256:d443872c98d677bf60f6a1f2f8c1cb748e8fe762d2bf9d3148b5599295b0fc4f", size = 165727, upload-time = "2025-04-19T11:48:59.673Z" }
wheels = [
    { url = "https://files.pythonhosted.org/packages/20/12/38679034af332785aac8774540895e234f4d07f7545804097de4b666afd8/packaging-25.0-py3-none-any.whl", hash = "sha256:29572ef2b1f17581046b3a2227d5c611fb25ec70ca1ba8554b24b0e69331a484", size = 66469, upload-time = "2025-04-19T11:48:57.875Z" },
]

[[package]]
name = "parso"
version = "0.8.5"
source = { registry = "https://pypi.org/simple" }
sdist = { url = "https://files.pythonhosted.org/packages/d4/de/53e0bcf53d13e005bd8c92e7855142494f41171b34c2536b86187474184d/parso-0.8.5.tar.gz", hash = "sha256:034d7354a9a018bdce352f48b2a8a450f05e9d6ee85db84764e9b6bd96dafe5a", size = 401205, upload-time = "2025-08-23T15:15:28.028Z" }
wheels = [
    { url = "https://files.pythonhosted.org/packages/16/32/f8e3c85d1d5250232a5d3477a2a28cc291968ff175caeadaf3cc19ce0e4a/parso-0.8.5-py2.py3-none-any.whl", hash = "sha256:646204b5ee239c396d040b90f9e272e9a8017c630092bf59980beb62fd033887", size = 106668, upload-time = "2025-08-23T15:15:25.663Z" },
]

[[package]]
name = "pdfkit"
version = "1.0.0"
source = { registry = "https://pypi.org/simple" }
sdist = { url = "https://files.pythonhosted.org/packages/58/bb/6ddc62b4622776a6514fd749041c2b4bccd343e006d00de590f8090ac8b1/pdfkit-1.0.0.tar.gz", hash = "sha256:992f821e1e18fc8a0e701ecae24b51a2d598296a180caee0a24c0af181da02a9", size = 13288, upload-time = "2021-11-14T19:28:51.672Z" }
wheels = [
    { url = "https://files.pythonhosted.org/packages/64/1b/26c080096dd93936dccfd32c682bed3d5630a84aae9d493ff68afb2ae0fb/pdfkit-1.0.0-py3-none-any.whl", hash = "sha256:a7a4ca0d978e44fa8310c4909f087052430a6e8e0b1dd7ceef657f139789f96f", size = 12099, upload-time = "2021-11-14T19:28:50.44Z" },
]

[[package]]
name = "pexpect"
version = "4.9.0"
source = { registry = "https://pypi.org/simple" }
dependencies = [
    { name = "ptyprocess" },
]
sdist = { url = "https://files.pythonhosted.org/packages/42/92/cc564bf6381ff43ce1f4d06852fc19a2f11d180f23dc32d9588bee2f149d/pexpect-4.9.0.tar.gz", hash = "sha256:ee7d41123f3c9911050ea2c2dac107568dc43b2d3b0c7557a33212c398ead30f", size = 166450, upload-time = "2023-11-25T09:07:26.339Z" }
wheels = [
    { url = "https://files.pythonhosted.org/packages/9e/c3/059298687310d527a58bb01f3b1965787ee3b40dce76752eda8b44e9a2c5/pexpect-4.9.0-py2.py3-none-any.whl", hash = "sha256:7236d1e080e4936be2dc3e326cec0af72acf9212a7e1d060210e70a47e253523", size = 63772, upload-time = "2023-11-25T06:56:14.81Z" },
]

[[package]]
name = "pickleshare"
version = "0.7.5"
source = { registry = "https://pypi.org/simple" }
sdist = { url = "https://files.pythonhosted.org/packages/d8/b6/df3c1c9b616e9c0edbc4fbab6ddd09df9535849c64ba51fcb6531c32d4d8/pickleshare-0.7.5.tar.gz", hash = "sha256:87683d47965c1da65cdacaf31c8441d12b8044cdec9aca500cd78fc2c683afca", size = 6161, upload-time = "2018-09-25T19:17:37.249Z" }
wheels = [
    { url = "https://files.pythonhosted.org/packages/9a/41/220f49aaea88bc6fa6cba8d05ecf24676326156c23b991e80b3f2fc24c77/pickleshare-0.7.5-py2.py3-none-any.whl", hash = "sha256:9649af414d74d4df115d5d718f82acb59c9d418196b7b4290ed47a12ce62df56", size = 6877, upload-time = "2018-09-25T19:17:35.817Z" },
]

[[package]]
name = "prompt-toolkit"
version = "3.0.52"
source = { registry = "https://pypi.org/simple" }
dependencies = [
    { name = "wcwidth" },
]
sdist = { url = "https://files.pythonhosted.org/packages/a1/96/06e01a7b38dce6fe1db213e061a4602dd6032a8a97ef6c1a862537732421/prompt_toolkit-3.0.52.tar.gz", hash = "sha256:28cde192929c8e7321de85de1ddbe736f1375148b02f2e17edd840042b1be855", size = 434198, upload-time = "2025-08-27T15:24:02.057Z" }
wheels = [
    { url = "https://files.pythonhosted.org/packages/84/03/0d3ce49e2505ae70cf43bc5bb3033955d2fc9f932163e84dc0779cc47f48/prompt_toolkit-3.0.52-py3-none-any.whl", hash = "sha256:9aac639a3bbd33284347de5ad8d68ecc044b91a762dc39b7c21095fcd6a19955", size = 391431, upload-time = "2025-08-27T15:23:59.498Z" },
]

[[package]]
name = "psycopg"
version = "3.2.10"
source = { registry = "https://pypi.org/simple" }
dependencies = [
    { name = "typing-extensions", marker = "python_full_version < '3.13'" },
    { name = "tzdata", marker = "sys_platform == 'win32'" },
]
sdist = { url = "https://files.pythonhosted.org/packages/a9/f1/0258a123c045afaf3c3b60c22ccff077bceeb24b8dc2c593270899353bd0/psycopg-3.2.10.tar.gz", hash = "sha256:0bce99269d16ed18401683a8569b2c5abd94f72f8364856d56c0389bcd50972a", size = 160380, upload-time = "2025-09-08T09:13:37.775Z" }
wheels = [
    { url = "https://files.pythonhosted.org/packages/4a/90/422ffbbeeb9418c795dae2a768db860401446af0c6768bc061ce22325f58/psycopg-3.2.10-py3-none-any.whl", hash = "sha256:ab5caf09a9ec42e314a21f5216dbcceac528e0e05142e42eea83a3b28b320ac3", size = 206586, upload-time = "2025-09-08T09:07:50.121Z" },
]

[package.optional-dependencies]
binary = [
    { name = "psycopg-binary", marker = "implementation_name != 'pypy'" },
]

[[package]]
name = "psycopg-binary"
version = "3.2.10"
source = { registry = "https://pypi.org/simple" }
wheels = [
    { url = "https://files.pythonhosted.org/packages/6d/0c/24c3717da5fbbf32c7a01efc4fd2013c29d89bba53c1760c5eb144029341/psycopg_binary-3.2.10-cp310-cp310-macosx_10_9_x86_64.whl", hash = "sha256:037dc92fc7d3f2adae7680e17216934c15b919d6528b908ac2eb52aecc0addcf", size = 3995298, upload-time = "2025-09-08T09:07:55.239Z" },
    { url = "https://files.pythonhosted.org/packages/d6/77/b75012e582f7d75213f2fe13c93ad52634c852bf9d7117a2a1d79be389a1/psycopg_binary-3.2.10-cp310-cp310-macosx_11_0_arm64.whl", hash = "sha256:84f7e8c5e5031db342ae697c2e8fb48cd708ba56990573b33e53ce626445371d", size = 4066585, upload-time = "2025-09-08T09:08:00.813Z" },
    { url = "https://files.pythonhosted.org/packages/cd/0c/bf1d016d2a957b522c3f2fa09aef04e18f652cdfce40c48459c116737933/psycopg_binary-3.2.10-cp310-cp310-manylinux2014_aarch64.manylinux_2_17_aarch64.whl", hash = "sha256:a5a81104d88780018005fe17c37fa55b4afbb6dd3c205963cc56c025d5f1cc32", size = 4625245, upload-time = "2025-09-08T09:08:05.295Z" },
    { url = "https://files.pythonhosted.org/packages/a3/89/42bd027fcd1da82d4828d203dfee4c0aba9412c4685d4b47ef098061f0df/psycopg_binary-3.2.10-cp310-cp310-manylinux2014_ppc64le.manylinux_2_17_ppc64le.whl", hash = "sha256:0c23e88e048bbc33f32f5a35981707c9418723d469552dd5ac4e956366e58492", size = 4721755, upload-time = "2025-09-08T09:08:11.246Z" },
    { url = "https://files.pythonhosted.org/packages/86/3e/6359d3d57a13a3a556635f76fb26f45d3377a6d4be23d45824525c2a67a6/psycopg_binary-3.2.10-cp310-cp310-manylinux2014_x86_64.manylinux_2_17_x86_64.whl", hash = "sha256:9c9f2728488ac5848acdbf14bb4fde50f8ba783cbf3c19e9abd506741389fa7f", size = 4406209, upload-time = "2025-09-08T09:08:18.172Z" },
    { url = "https://files.pythonhosted.org/packages/86/bf/0b25d8d5b2b67ea558e133c2ab7f22c0b4602956dd23b0d34485e44e8311/psycopg_binary-3.2.10-cp310-cp310-musllinux_1_2_aarch64.whl", hash = "sha256:ab1c6d761c4ee581016823dcc02f29b16ad69177fcbba88a9074c924fc31813e", size = 3881122, upload-time = "2025-09-08T09:08:25.116Z" },
    { url = "https://files.pythonhosted.org/packages/ac/6e/ee6bf664b16a759d22c4fc3c3d89eb15ff98d0feb3f487de5f4acde3014e/psycopg_binary-3.2.10-cp310-cp310-musllinux_1_2_ppc64le.whl", hash = "sha256:a024b3ee539a475cbc59df877c8ecdd6f8552a1b522b69196935bc26dc6152fb", size = 3562815, upload-time = "2025-09-08T09:08:31.046Z" },
    { url = "https://files.pythonhosted.org/packages/79/33/1cc4266b5d1c04f873a7fee8b92fa25ad690d2fcdfb5aecdfc2ea42c81a7/psycopg_binary-3.2.10-cp310-cp310-musllinux_1_2_x86_64.whl", hash = "sha256:50130c0d1a2a01ec3d41631df86b6c1646c76718be000600a399dc1aad80b813", size = 3604842, upload-time = "2025-09-08T09:08:36.771Z" },
    { url = "https://files.pythonhosted.org/packages/4a/f8/7db03368fc36daa5f3ae609696b5a91976878b62bf95310ba1e6c93d81df/psycopg_binary-3.2.10-cp310-cp310-win_amd64.whl", hash = "sha256:7fa1626225a162924d2da0ff4ef77869f7a8501d320355d2732be5bf2dda6138", size = 2886848, upload-time = "2025-09-08T09:08:42.906Z" },
    { url = "https://files.pythonhosted.org/packages/df/8c/f15bd09a0cc09f010c1462f1cb846d7d2706f0f6226ef8e953328243edcc/psycopg_binary-3.2.10-cp311-cp311-macosx_10_9_x86_64.whl", hash = "sha256:db0eb06a19e4c64a08db0db80875ede44939af6a2afc281762c338fad5d6e547", size = 4002654, upload-time = "2025-09-08T09:08:49.779Z" },
    { url = "https://files.pythonhosted.org/packages/c9/df/9b7c9db70b624b96544560d062c27030a817e932f1fa803b58e25b26dcdd/psycopg_binary-3.2.10-cp311-cp311-macosx_11_0_arm64.whl", hash = "sha256:d922fdd49ed17c558b6b2f9ae2054c3d0cced2a34e079ce5a41c86904d0203f7", size = 4074650, upload-time = "2025-09-08T09:08:57.53Z" },
    { url = "https://files.pythonhosted.org/packages/6b/32/7aba5874e1dfd90bc3dcd26dd9200ae65e1e6e169230759dad60139f1b99/psycopg_binary-3.2.10-cp311-cp311-manylinux2014_aarch64.manylinux_2_17_aarch64.whl", hash = "sha256:d557a94cd6d2e775b3af6cc0bd0ff0d9d641820b5cc3060ccf1f5ca2bf971217", size = 4630536, upload-time = "2025-09-08T09:09:03.492Z" },
    { url = "https://files.pythonhosted.org/packages/7d/b1/a430d08b4eb28dc534181eb68a9c2a9e90b77c0e2933e338790534e7dce0/psycopg_binary-3.2.10-cp311-cp311-manylinux2014_ppc64le.manylinux_2_17_ppc64le.whl", hash = "sha256:29b6bb87959515bc8b6abef10d8d23a9a681f03e48e9f0c8adb4b9fb7fa73f11", size = 4728387, upload-time = "2025-09-08T09:09:08.909Z" },
    { url = "https://files.pythonhosted.org/packages/1b/d4/26d0fa9e8e7c05f0338024d2822a3740fac6093999443ad54e164f154bcc/psycopg_binary-3.2.10-cp311-cp311-manylinux2014_x86_64.manylinux_2_17_x86_64.whl", hash = "sha256:1b29285474e3339d0840e1b5079fdb0481914108f92ec62de0c87ae333c60b24", size = 4413805, upload-time = "2025-09-08T09:09:13.704Z" },
    { url = "https://files.pythonhosted.org/packages/c9/f2/d05c037c02e2ac4cb1c5b895c6c82428b3eaa0c48d08767b771bc2ea155a/psycopg_binary-3.2.10-cp311-cp311-musllinux_1_2_aarch64.whl", hash = "sha256:62590dd113d10cd9c08251cb80b32e2e8aaf01ece04a700322e776b1d216959f", size = 3886830, upload-time = "2025-09-08T09:09:18.102Z" },
    { url = "https://files.pythonhosted.org/packages/8f/84/db3dee4335cd80c56e173a5ffbda6d17a7a10eeed030378d9adf3ab19ea7/psycopg_binary-3.2.10-cp311-cp311-musllinux_1_2_ppc64le.whl", hash = "sha256:764a5b9b40ad371c55dfdf95374d89e44a82fd62272d4fceebea0adb8930e2fb", size = 3568543, upload-time = "2025-09-08T09:09:22.765Z" },
    { url = "https://files.pythonhosted.org/packages/1b/45/4117274f24b8d49b8a9c1cb60488bb172ac9e57b8f804726115c332d16f8/psycopg_binary-3.2.10-cp311-cp311-musllinux_1_2_x86_64.whl", hash = "sha256:bd3676a04970cf825d2c771b0c147f91182c5a3653e0dbe958e12383668d0f79", size = 3610614, upload-time = "2025-09-08T09:09:27.534Z" },
    { url = "https://files.pythonhosted.org/packages/3c/22/f1b294dfc8af32a96a363aa99c0ebb530fc1c372a424c54a862dcf77ef47/psycopg_binary-3.2.10-cp311-cp311-win_amd64.whl", hash = "sha256:646048f46192c8d23786cc6ef19f35b7488d4110396391e407eca695fdfe9dcd", size = 2888340, upload-time = "2025-09-08T09:09:32.696Z" },
    { url = "https://files.pythonhosted.org/packages/a6/34/91c127fdedf8b270b1e3acc9f849d07ee8b80194379590c6f48dcc842924/psycopg_binary-3.2.10-cp312-cp312-macosx_10_13_x86_64.whl", hash = "sha256:1dee2f4d2adc9adacbfecf8254bd82f6ac95cff707e1b9b99aa721cd1ef16b47", size = 3983963, upload-time = "2025-09-08T09:09:38.454Z" },
    { url = "https://files.pythonhosted.org/packages/1e/03/1d10ce2bf70cf549a8019639dc0c49be03e41092901d4324371a968b8c01/psycopg_binary-3.2.10-cp312-cp312-macosx_11_0_arm64.whl", hash = "sha256:8b45e65383da9c4a42a56f817973e521e893f4faae897fe9f1a971f9fe799742", size = 4069171, upload-time = "2025-09-08T09:09:44.395Z" },
    { url = "https://files.pythonhosted.org/packages/4c/5e/39cb924d6e119145aa5fc5532f48e79c67e13a76675e9366c327098db7b5/psycopg_binary-3.2.10-cp312-cp312-manylinux2014_aarch64.manylinux_2_17_aarch64.whl", hash = "sha256:484d2b1659afe0f8f1cef5ea960bb640e96fa864faf917086f9f833f5c7a8034", size = 4610780, upload-time = "2025-09-08T09:09:53.073Z" },
    { url = "https://files.pythonhosted.org/packages/20/05/5a1282ebc4e39f5890abdd4bb7edfe9d19e4667497a1793ad288a8b81826/psycopg_binary-3.2.10-cp312-cp312-manylinux2014_ppc64le.manylinux_2_17_ppc64le.whl", hash = "sha256:3bb4046973264ebc8cb7e20a83882d68577c1f26a6f8ad4fe52e4468cd9a8eee", size = 4700479, upload-time = "2025-09-08T09:09:58.183Z" },
    { url = "https://files.pythonhosted.org/packages/af/7a/e1c06e558ca3f37b7e6b002e555ebcfce0bf4dee6f3ae589a7444e16ce17/psycopg_binary-3.2.10-cp312-cp312-manylinux2014_x86_64.manylinux_2_17_x86_64.whl", hash = "sha256:14bcbcac0cab465d88b2581e43ec01af4b01c9833e663f1352e05cb41be19e44", size = 4391772, upload-time = "2025-09-08T09:10:04.406Z" },
    { url = "https://files.pythonhosted.org/packages/6a/d6/56f449c86988c9a97dc6c5f31d3689cfe8aedb37f2a02bd3e3882465d385/psycopg_binary-3.2.10-cp312-cp312-musllinux_1_2_aarch64.whl", hash = "sha256:70bb7f665587dfd79e69f48b34efe226149454d7aab138ed22d5431d703de2f6", size = 3858214, upload-time = "2025-09-08T09:10:09.693Z" },
    { url = "https://files.pythonhosted.org/packages/93/56/f9eed67c9a1701b1e315f3687ff85f2f22a0a7d0eae4505cff65ef2f2679/psycopg_binary-3.2.10-cp312-cp312-musllinux_1_2_ppc64le.whl", hash = "sha256:d2fe9eaa367f6171ab1a21a7dcb335eb2398be7f8bb7e04a20e2260aedc6f782", size = 3528051, upload-time = "2025-09-08T09:10:13.423Z" },
    { url = "https://files.pythonhosted.org/packages/25/cc/636709c72540cb859566537c0a03e46c3d2c4c4c2e13f78df46b6c4082b3/psycopg_binary-3.2.10-cp312-cp312-musllinux_1_2_x86_64.whl", hash = "sha256:299834cce3eec0c48aae5a5207fc8f0c558fd65f2ceab1a36693329847da956b", size = 3580117, upload-time = "2025-09-08T09:10:17.81Z" },
    { url = "https://files.pythonhosted.org/packages/c1/a8/a2c822fa06b0dbbb8ad4b0221da2534f77bac54332d2971dbf930f64be5a/psycopg_binary-3.2.10-cp312-cp312-win_amd64.whl", hash = "sha256:e037aac8dc894d147ef33056fc826ee5072977107a3fdf06122224353a057598", size = 2878872, upload-time = "2025-09-08T09:10:22.162Z" },
    { url = "https://files.pythonhosted.org/packages/3a/80/db840f7ebf948ab05b4793ad34d4da6ad251829d6c02714445ae8b5f1403/psycopg_binary-3.2.10-cp313-cp313-macosx_10_13_x86_64.whl", hash = "sha256:55b14f2402be027fe1568bc6c4d75ac34628ff5442a70f74137dadf99f738e3b", size = 3982057, upload-time = "2025-09-08T09:10:28.725Z" },
    { url = "https://files.pythonhosted.org/packages/2d/53/39308328bb8388b1ec3501a16128c5ada405f217c6d91b3d921b9f3c5604/psycopg_binary-3.2.10-cp313-cp313-macosx_11_0_arm64.whl", hash = "sha256:43d803fb4e108a67c78ba58f3e6855437ca25d56504cae7ebbfbd8fce9b59247", size = 4066830, upload-time = "2025-09-08T09:10:34.083Z" },
    { url = "https://files.pythonhosted.org/packages/e7/5a/18e6f41b40c71197479468cb18703b2999c6e4ab06f9c05df3bf416a55d7/psycopg_binary-3.2.10-cp313-cp313-manylinux2014_aarch64.manylinux_2_17_aarch64.whl", hash = "sha256:470594d303928ab72a1ffd179c9c7bde9d00f76711d6b0c28f8a46ddf56d9807", size = 4610747, upload-time = "2025-09-08T09:10:39.697Z" },
    { url = "https://files.pythonhosted.org/packages/be/ab/9198fed279aca238c245553ec16504179d21aad049958a2865d0aa797db4/psycopg_binary-3.2.10-cp313-cp313-manylinux2014_ppc64le.manylinux_2_17_ppc64le.whl", hash = "sha256:a1d4e4d309049e3cb61269652a3ca56cb598da30ecd7eb8cea561e0d18bc1a43", size = 4700301, upload-time = "2025-09-08T09:10:44.715Z" },
    { url = "https://files.pythonhosted.org/packages/fc/0d/59024313b5e6c5da3e2a016103494c609d73a95157a86317e0f600c8acb3/psycopg_binary-3.2.10-cp313-cp313-manylinux2014_x86_64.manylinux_2_17_x86_64.whl", hash = "sha256:a92ff1c2cd79b3966d6a87e26ceb222ecd5581b5ae4b58961f126af806a861ed", size = 4392679, upload-time = "2025-09-08T09:10:49.106Z" },
    { url = "https://files.pythonhosted.org/packages/ff/47/21ef15d8a66e3a7a76a177f885173d27f0c5cbe39f5dd6eda9832d6b4e19/psycopg_binary-3.2.10-cp313-cp313-musllinux_1_2_aarch64.whl", hash = "sha256:ac0365398947879c9827b319217096be727da16c94422e0eb3cf98c930643162", size = 3857881, upload-time = "2025-09-08T09:10:56.75Z" },
    { url = "https://files.pythonhosted.org/packages/af/35/c5e5402ccd40016f15d708bbf343b8cf107a58f8ae34d14dc178fdea4fd4/psycopg_binary-3.2.10-cp313-cp313-musllinux_1_2_ppc64le.whl", hash = "sha256:42ee399c2613b470a87084ed79b06d9d277f19b0457c10e03a4aef7059097abc", size = 3531135, upload-time = "2025-09-08T09:11:03.346Z" },
    { url = "https://files.pythonhosted.org/packages/e6/e2/9b82946859001fe5e546c8749991b8b3b283f40d51bdc897d7a8e13e0a5e/psycopg_binary-3.2.10-cp313-cp313-musllinux_1_2_x86_64.whl", hash = "sha256:2028073fc12cd70ba003309d1439c0c4afab4a7eee7653b8c91213064fffe12b", size = 3581813, upload-time = "2025-09-08T09:11:08.76Z" },
    { url = "https://files.pythonhosted.org/packages/c5/91/c10cfccb75464adb4781486e0014ecd7c2ad6decf6cbe0afd8db65ac2bc9/psycopg_binary-3.2.10-cp313-cp313-win_amd64.whl", hash = "sha256:8390db6d2010ffcaf7f2b42339a2da620a7125d37029c1f9b72dfb04a8e7be6f", size = 2881466, upload-time = "2025-09-08T09:11:14.078Z" },
    { url = "https://files.pythonhosted.org/packages/fd/89/b0702ba0d007cc787dd7a205212c8c8cae229d1e7214c8e27bdd3b13d33e/psycopg_binary-3.2.10-cp314-cp314-macosx_10_13_x86_64.whl", hash = "sha256:b34c278a58aa79562afe7f45e0455b1f4cad5974fc3d5674cc5f1f9f57e97fc5", size = 3981253, upload-time = "2025-09-08T09:11:19.864Z" },
    { url = "https://files.pythonhosted.org/packages/dc/c9/e51ac72ac34d1d8ea7fd861008ad8de60e56997f5bd3fbae7536570f6f58/psycopg_binary-3.2.10-cp314-cp314-macosx_11_0_arm64.whl", hash = "sha256:810f65b9ef1fe9dddb5c05937884ea9563aaf4e1a2c3d138205231ed5f439511", size = 4067542, upload-time = "2025-09-08T09:11:25.366Z" },
    { url = "https://files.pythonhosted.org/packages/d6/27/49625c79ae89959a070c1fb63ebb5c6eed426fa09e15086b6f5b626fcdc2/psycopg_binary-3.2.10-cp314-cp314-manylinux2014_aarch64.manylinux_2_17_aarch64.whl", hash = "sha256:8923487c3898c65e1450847e15d734bb2e6adbd2e79d2d1dd5ad829a1306bdc0", size = 4615338, upload-time = "2025-09-08T09:11:31.079Z" },
    { url = "https://files.pythonhosted.org/packages/b9/0d/9fdb5482f50f56303770ea8a3b1c1f32105762da731c7e2a4f425e0b3887/psycopg_binary-3.2.10-cp314-cp314-manylinux2014_ppc64le.manylinux_2_17_ppc64le.whl", hash = "sha256:7950ff79df7a453ac8a7d7a74694055b6c15905b0a2b6e3c99eb59c51a3f9bf7", size = 4703401, upload-time = "2025-09-08T09:11:38.718Z" },
    { url = "https://files.pythonhosted.org/packages/3c/f3/eb2f75ca2c090bf1d0c90d6da29ef340876fe4533bcfc072a9fd94dd52b4/psycopg_binary-3.2.10-cp314-cp314-manylinux2014_x86_64.manylinux_2_17_x86_64.whl", hash = "sha256:0c2b95e83fda70ed2b0b4fadd8538572e4a4d987b721823981862d1ab56cc760", size = 4393458, upload-time = "2025-09-08T09:11:44.114Z" },
    { url = "https://files.pythonhosted.org/packages/20/2e/887abe0591b2f1c1af31164b9efb46c5763e4418f403503bc9fbddaa02ef/psycopg_binary-3.2.10-cp314-cp314-musllinux_1_2_aarch64.whl", hash = "sha256:20384985fbc650c09a547a13c6d7f91bb42020d38ceafd2b68b7fc4a48a1f160", size = 3863733, upload-time = "2025-09-08T09:11:49.237Z" },
    { url = "https://files.pythonhosted.org/packages/6b/8c/9446e3a84187220a98657ef778518f9b44eba55b1f6c3e8300d229ec9930/psycopg_binary-3.2.10-cp314-cp314-musllinux_1_2_ppc64le.whl", hash = "sha256:1f6982609b8ff8fcd67299b67cd5787da1876f3bb28fedd547262cfa8ddedf94", size = 3535121, upload-time = "2025-09-08T09:11:53.887Z" },
    { url = "https://files.pythonhosted.org/packages/b4/e1/f0382c956bfaa951a0dbd4d5a354acf093ef7e5219996958143dfd2bf37d/psycopg_binary-3.2.10-cp314-cp314-musllinux_1_2_x86_64.whl", hash = "sha256:bf30dcf6aaaa8d4779a20d2158bdf81cc8e84ce8eee595d748a7671c70c7b890", size = 3584235, upload-time = "2025-09-08T09:12:01.118Z" },
    { url = "https://files.pythonhosted.org/packages/5a/dd/464bd739bacb3b745a1c93bc15f20f0b1e27f0a64ec693367794b398673b/psycopg_binary-3.2.10-cp314-cp314-win_amd64.whl", hash = "sha256:d5c6a66a76022af41970bf19f51bc6bf87bd10165783dd1d40484bfd87d6b382", size = 2973554, upload-time = "2025-09-08T09:12:05.884Z" },
]

[[package]]
name = "ptyprocess"
version = "0.7.0"
source = { registry = "https://pypi.org/simple" }
sdist = { url = "https://files.pythonhosted.org/packages/20/e5/16ff212c1e452235a90aeb09066144d0c5a6a8c0834397e03f5224495c4e/ptyprocess-0.7.0.tar.gz", hash = "sha256:5c5d0a3b48ceee0b48485e0c26037c0acd7d29765ca3fbb5cb3831d347423220", size = 70762, upload-time = "2020-12-28T15:15:30.155Z" }
wheels = [
    { url = "https://files.pythonhosted.org/packages/22/a6/858897256d0deac81a172289110f31629fc4cee19b6f01283303e18c8db3/ptyprocess-0.7.0-py2.py3-none-any.whl", hash = "sha256:4b41f3967fce3af57cc7e94b888626c18bf37a083e3651ca8feeb66d492fef35", size = 13993, upload-time = "2020-12-28T15:15:28.35Z" },
]

[[package]]
name = "pygments"
version = "2.19.2"
source = { registry = "https://pypi.org/simple" }
sdist = { url = "https://files.pythonhosted.org/packages/b0/77/a5b8c569bf593b0140bde72ea885a803b82086995367bf2037de0159d924/pygments-2.19.2.tar.gz", hash = "sha256:636cb2477cec7f8952536970bc533bc43743542f70392ae026374600add5b887", size = 4968631, upload-time = "2025-06-21T13:39:12.283Z" }
wheels = [
    { url = "https://files.pythonhosted.org/packages/c7/21/705964c7812476f378728bdf590ca4b771ec72385c533964653c68e86bdc/pygments-2.19.2-py3-none-any.whl", hash = "sha256:86540386c03d588bb81d44bc3928634ff26449851e99741617ecb9037ee5ec0b", size = 1225217, upload-time = "2025-06-21T13:39:07.939Z" },
]

[[package]]
name = "python-dateutil"
version = "2.9.0.post0"
source = { registry = "https://pypi.org/simple" }
dependencies = [
    { name = "six" },
]
sdist = { url = "https://files.pythonhosted.org/packages/66/c0/0c8b6ad9f17a802ee498c46e004a0eb49bc148f2fd230864601a86dcf6db/python-dateutil-2.9.0.post0.tar.gz", hash = "sha256:37dd54208da7e1cd875388217d5e00ebd4179249f90fb72437e91a35459a0ad3", size = 342432, upload-time = "2024-03-01T18:36:20.211Z" }
wheels = [
    { url = "https://files.pythonhosted.org/packages/ec/57/56b9bcc3c9c6a792fcbaf139543cee77261f3651ca9da0c93f5c1221264b/python_dateutil-2.9.0.post0-py2.py3-none-any.whl", hash = "sha256:a8b2bc7bffae282281c8140a97d3aa9c14da0b136dfe83f850eea9a5f7470427", size = 229892, upload-time = "2024-03-01T18:36:18.57Z" },
]

[[package]]
name = "setuptools"
version = "80.9.0"
source = { registry = "https://pypi.org/simple" }
sdist = { url = "https://files.pythonhosted.org/packages/18/5d/3bf57dcd21979b887f014ea83c24ae194cfcd12b9e0fda66b957c69d1fca/setuptools-80.9.0.tar.gz", hash = "sha256:f36b47402ecde768dbfafc46e8e4207b4360c654f1f3bb84475f0a28628fb19c", size = 1319958, upload-time = "2025-05-27T00:56:51.443Z" }
wheels = [
    { url = "https://files.pythonhosted.org/packages/a3/dc/17031897dae0efacfea57dfd3a82fdd2a2aeb58e0ff71b77b87e44edc772/setuptools-80.9.0-py3-none-any.whl", hash = "sha256:062d34222ad13e0cc312a4c02d73f059e86a4acbfbdea8f8f76b28c99f306922", size = 1201486, upload-time = "2025-05-27T00:56:49.664Z" },
]

[[package]]
name = "six"
version = "1.17.0"
source = { registry = "https://pypi.org/simple" }
sdist = { url = "https://files.pythonhosted.org/packages/94/e7/b2c673351809dca68a0e064b6af791aa332cf192da575fd474ed7d6f16a2/six-1.17.0.tar.gz", hash = "sha256:ff70335d468e7eb6ec65b95b99d3a2836546063f63acc5171de367e834932a81", size = 34031, upload-time = "2024-12-04T17:35:28.174Z" }
wheels = [
    { url = "https://files.pythonhosted.org/packages/b7/ce/149a00dd41f10bc29e5921b496af8b574d8413afcd5e30dfa0ed46c2cc5e/six-1.17.0-py2.py3-none-any.whl", hash = "sha256:4721f391ed90541fddacab5acf947aa0d3dc7d27b2e1e8eda2be8970586c3274", size = 11050, upload-time = "2024-12-04T17:35:26.475Z" },
]

[[package]]
name = "sqlparse"
version = "0.5.3"
source = { registry = "https://pypi.org/simple" }
sdist = { url = "https://files.pythonhosted.org/packages/e5/40/edede8dd6977b0d3da179a342c198ed100dd2aba4be081861ee5911e4da4/sqlparse-0.5.3.tar.gz", hash = "sha256:09f67787f56a0b16ecdbde1bfc7f5d9c3371ca683cfeaa8e6ff60b4807ec9272", size = 84999, upload-time = "2024-12-10T12:05:30.728Z" }
wheels = [
    { url = "https://files.pythonhosted.org/packages/a9/5c/bfd6bd0bf979426d405cc6e71eceb8701b148b16c21d2dc3c261efc61c7b/sqlparse-0.5.3-py3-none-any.whl", hash = "sha256:cf2196ed3418f3ba5de6af7e82c694a9fbdbfecccdfc72e281548517081f16ca", size = 44415, upload-time = "2024-12-10T12:05:27.824Z" },
]

[[package]]
name = "text-unidecode"
version = "1.3"
source = { registry = "https://pypi.org/simple" }
sdist = { url = "https://files.pythonhosted.org/packages/ab/e2/e9a00f0ccb71718418230718b3d900e71a5d16e701a3dae079a21e9cd8f8/text-unidecode-1.3.tar.gz", hash = "sha256:bad6603bb14d279193107714b288be206cac565dfa49aa5b105294dd5c4aab93", size = 76885, upload-time = "2019-08-30T21:36:45.405Z" }
wheels = [
    { url = "https://files.pythonhosted.org/packages/a6/a5/c0b6468d3824fe3fde30dbb5e1f687b291608f9473681bbf7dabbf5a87d7/text_unidecode-1.3-py2.py3-none-any.whl", hash = "sha256:1311f10e8b895935241623731c2ba64f4c455287888b18189350b67134a822e8", size = 78154, upload-time = "2019-08-30T21:37:03.543Z" },
]

[[package]]
name = "traitlets"
version = "5.14.3"
source = { registry = "https://pypi.org/simple" }
sdist = { url = "https://files.pythonhosted.org/packages/eb/79/72064e6a701c2183016abbbfedaba506d81e30e232a68c9f0d6f6fcd1574/traitlets-5.14.3.tar.gz", hash = "sha256:9ed0579d3502c94b4b3732ac120375cda96f923114522847de4b3bb98b96b6b7", size = 161621, upload-time = "2024-04-19T11:11:49.746Z" }
wheels = [
    { url = "https://files.pythonhosted.org/packages/00/c0/8f5d070730d7836adc9c9b6408dec68c6ced86b304a9b26a14df072a6e8c/traitlets-5.14.3-py3-none-any.whl", hash = "sha256:b74e89e397b1ed28cc831db7aea759ba6640cb3de13090ca145426688ff1ac4f", size = 85359, upload-time = "2024-04-19T11:11:46.763Z" },
]

[[package]]
name = "types-psycopg2"
version = "2.9.21.20251012"
source = { registry = "https://pypi.org/simple" }
sdist = { url = "https://files.pythonhosted.org/packages/9b/b3/2d09eaf35a084cffd329c584970a3fa07101ca465c13cad1576d7c392587/types_psycopg2-2.9.21.20251012.tar.gz", hash = "sha256:4cdafd38927da0cfde49804f39ab85afd9c6e9c492800e42f1f0c1a1b0312935", size = 26710, upload-time = "2025-10-12T02:55:39.5Z" }
wheels = [
    { url = "https://files.pythonhosted.org/packages/ec/0c/05feaf8cb51159f2c0af04b871dab7e98a2f83a3622f5f216331d2dd924c/types_psycopg2-2.9.21.20251012-py3-none-any.whl", hash = "sha256:712bad5c423fe979e357edbf40a07ca40ef775d74043de72bd4544ca328cc57e", size = 24883, upload-time = "2025-10-12T02:55:38.439Z" },
]

[[package]]
name = "typing-extensions"
version = "4.15.0"
source = { registry = "https://pypi.org/simple" }
sdist = { url = "https://files.pythonhosted.org/packages/72/94/1a15dd82efb362ac84269196e94cf00f187f7ed21c242792a923cdb1c61f/typing_extensions-4.15.0.tar.gz", hash = "sha256:0cea48d173cc12fa28ecabc3b837ea3cf6f38c6d1136f85cbaaf598984861466", size = 109391, upload-time = "2025-08-25T13:49:26.313Z" }
wheels = [
    { url = "https://files.pythonhosted.org/packages/18/67/36e9267722cc04a6b9f15c7f3441c2363321a3ea07da7ae0c0707beb2a9c/typing_extensions-4.15.0-py3-none-any.whl", hash = "sha256:f0fa19c6845758ab08074a0cfa8b7aecb71c999ca73d62883bc25cc018c4e548", size = 44614, upload-time = "2025-08-25T13:49:24.86Z" },
]

[[package]]
name = "tzdata"
version = "2025.2"
source = { registry = "https://pypi.org/simple" }
sdist = { url = "https://files.pythonhosted.org/packages/95/32/1a225d6164441be760d75c2c42e2780dc0873fe382da3e98a2e1e48361e5/tzdata-2025.2.tar.gz", hash = "sha256:b60a638fcc0daffadf82fe0f57e53d06bdec2f36c4df66280ae79bce6bd6f2b9", size = 196380, upload-time = "2025-03-23T13:54:43.652Z" }
wheels = [
    { url = "https://files.pythonhosted.org/packages/5c/23/c7abc0ca0a1526a0774eca151daeb8de62ec457e77262b66b359c3c7679e/tzdata-2025.2-py2.py3-none-any.whl", hash = "sha256:1a403fada01ff9221ca8044d701868fa132215d84beb92242d9acd2147f667a8", size = 347839, upload-time = "2025-03-23T13:54:41.845Z" },
]

[[package]]
name = "wcwidth"
version = "0.2.14"
source = { registry = "https://pypi.org/simple" }
sdist = { url = "https://files.pythonhosted.org/packages/24/30/6b0809f4510673dc723187aeaf24c7f5459922d01e2f794277a3dfb90345/wcwidth-0.2.14.tar.gz", hash = "sha256:4d478375d31bc5395a3c55c40ccdf3354688364cd61c4f6adacaa9215d0b3605", size = 102293, upload-time = "2025-09-22T16:29:53.023Z" }
wheels = [
    { url = "https://files.pythonhosted.org/packages/af/b5/123f13c975e9f27ab9c0770f514345bd406d0e8d3b7a0723af9d43f710af/wcwidth-0.2.14-py2.py3-none-any.whl", hash = "sha256:a7bb560c8aee30f9957e5f9895805edd20602f2d7f720186dfd906e82b4982e1", size = 37286, upload-time = "2025-09-22T16:29:51.641Z" },
]

[[package]]
name = "whitenoise"
version = "6.11.0"
source = { registry = "https://pypi.org/simple" }
sdist = { url = "https://files.pythonhosted.org/packages/15/95/8c81ec6b6ebcbf8aca2de7603070ccf37dbb873b03f20708e0f7c1664bc6/whitenoise-6.11.0.tar.gz", hash = "sha256:0f5bfce6061ae6611cd9396a8231e088722e4fc67bc13a111be74c738d99375f", size = 26432, upload-time = "2025-09-18T09:16:10.995Z" }
wheels = [
    { url = "https://files.pythonhosted.org/packages/6c/e9/4366332f9295fe0647d7d3251ce18f5615fbcb12d02c79a26f8dba9221b3/whitenoise-6.11.0-py3-none-any.whl", hash = "sha256:b2aeb45950597236f53b5342b3121c5de69c8da0109362aee506ce88e022d258", size = 20197, upload-time = "2025-09-18T09:16:09.754Z" },
]
